# This file is automatically @generated by Cargo.
# It is not intended for manual editing.
version = 3

[[package]]
name = "autocfg"
version = "1.1.0"
source = "registry+https://github.com/rust-lang/crates.io-index"
checksum = "d468802bab17cbc0cc575e9b053f41e72aa36bfa6b7f55e3529ffa43161b97fa"

[[package]]
name = "erased-serde"
version = "0.4.0"
source = "registry+https://github.com/rust-lang/crates.io-index"
checksum = "a3286168faae03a0e583f6fde17c02c8b8bba2dcc2061d0f7817066e5b0af706"
dependencies = [
 "serde",
]

[[package]]
name = "hashbrown"
version = "0.12.3"
source = "registry+https://github.com/rust-lang/crates.io-index"
checksum = "8a9ee70c43aaf417c914396645a0fa852624801b24ebb7ae78fe8272889ac888"

[[package]]
name = "indexmap"
version = "1.9.2"
source = "registry+https://github.com/rust-lang/crates.io-index"
checksum = "1885e79c1fc4b10f0e172c475f458b7f7b93061064d98c3293e98c5ba0c8b399"
dependencies = [
 "autocfg",
 "hashbrown",
]

[[package]]
name = "inventory"
version = "0.3.13"
source = "registry+https://github.com/rust-lang/crates.io-index"
checksum = "0508c56cfe9bfd5dfeb0c22ab9a6abfda2f27bdca422132e494266351ed8d83c"

[[package]]
name = "itoa"
version = "1.0.5"
source = "registry+https://github.com/rust-lang/crates.io-index"
checksum = "fad582f4b9e86b6caa621cabeb0963332d92eea04729ab12892c2533951e6440"

[[package]]
name = "once_cell"
version = "1.19.0"
source = "registry+https://github.com/rust-lang/crates.io-index"
checksum = "3fdb12b2476b595f9358c5161aa467c2438859caa136dec86c26fdd2efe17b92"

[[package]]
name = "proc-macro2"
version = "1.0.89"
source = "registry+https://github.com/rust-lang/crates.io-index"
checksum = "f139b0662de085916d1fb67d2b4169d1addddda1919e696f3252b740b629986e"
dependencies = [
 "unicode-ident",
]

[[package]]
name = "quote"
version = "1.0.37"
source = "registry+https://github.com/rust-lang/crates.io-index"
checksum = "b5b9d34b8991d19d98081b46eacdd8eb58c6f2b201139f7c5f643cc155a633af"
dependencies = [
 "proc-macro2",
]

[[package]]
name = "ryu"
version = "1.0.12"
source = "registry+https://github.com/rust-lang/crates.io-index"
checksum = "7b4b9743ed687d4b4bcedf9ff5eaa7398495ae14e61cba0a295704edbc7decde"

[[package]]
name = "serde"
version = "1.0.213"
source = "registry+https://github.com/rust-lang/crates.io-index"
checksum = "3ea7893ff5e2466df8d720bb615088341b295f849602c6956047f8f80f0e9bc1"
dependencies = [
 "serde_derive",
]

[[package]]
name = "serde_derive"
version = "1.0.213"
source = "registry+https://github.com/rust-lang/crates.io-index"
checksum = "7e85ad2009c50b58e87caa8cd6dac16bdf511bbfb7af6c33df902396aa480fa5"
dependencies = [
 "proc-macro2",
 "quote",
 "syn",
]

[[package]]
name = "serde_trait_object_examples"
version = "0.1.0"
dependencies = [
 "serde",
 "serde_yaml",
 "typetag",
]

[[package]]
name = "serde_yaml"
version = "0.9.17"
source = "registry+https://github.com/rust-lang/crates.io-index"
checksum = "8fb06d4b6cdaef0e0c51fa881acb721bed3c924cfaa71d9c94a3b771dfdf6567"
dependencies = [
 "indexmap",
 "itoa",
 "ryu",
 "serde",
 "unsafe-libyaml",
]

[[package]]
name = "syn"
version = "2.0.82"
source = "registry+https://github.com/rust-lang/crates.io-index"
checksum = "83540f837a8afc019423a8edb95b52a8effe46957ee402287f4292fae35be021"
dependencies = [
 "proc-macro2",
 "quote",
 "unicode-ident",
]

[[package]]
name = "typetag"
version = "0.2.14"
source = "registry+https://github.com/rust-lang/crates.io-index"
checksum = "196976efd4a62737b3a2b662cda76efb448d099b1049613d7a5d72743c611ce0"
dependencies = [
 "erased-serde",
 "inventory",
 "once_cell",
 "serde",
 "typetag-impl",
]

[[package]]
name = "typetag-impl"
version = "0.2.14"
source = "registry+https://github.com/rust-lang/crates.io-index"
checksum = "2eea6765137e2414c44c7b1e07c73965a118a72c46148e1e168b3fc9d3ccf3aa"
dependencies = [
 "proc-macro2",
 "quote",
 "syn",
]

[[package]]
name = "unicode-ident"
version = "1.0.6"
source = "registry+https://github.com/rust-lang/crates.io-index"
checksum = "84a22b9f218b40614adcb3f4ff08b703773ad44fa9423e4e0d346d5db86e4ebc"

[[package]]
name = "unsafe-libyaml"
version = "0.2.5"
source = "registry+https://github.com/rust-lang/crates.io-index"
checksum = "bc7ed8ba44ca06be78ea1ad2c3682a43349126c8818054231ee6f4748012aed2"
